
Microsoft Visual Studio Solution File, Format Version 12.00
# Visual Studio Version 17
VisualStudioVersion = 17.6.33815.320
MinimumVisualStudioVersion = 10.0.40219.1
Project("{8BC9CEB8-8B4A-11D0-8D11-00A0C91BC942}") = "01 - Solve me first", "01 - Solve me first\01 - Solve me first.vcxproj", "{34B4DB25-FF5D-41D9-852C-9ADA16259B10}"
EndProject
Project("{8BC9CEB8-8B4A-11D0-8D11-00A0C91BC942}") = "03 - Compare the Triplets", "03 - Compare the Triplets\03 - Compare the Triplets.vcxproj", "{E7BDBDF4-A2D3-4084-8EA1-F27F3FBD6032}"
EndProject
Project("{8BC9CEB8-8B4A-11D0-8D11-00A0C91BC942}") = "09 - Birthday Cake Candles", "09 - Birthday Cake Candles\09 - Birthday Cake Candles.vcxproj", "{07B96E9D-B3F5-4B2B-B0FF-390ABD6BB8AA}"
EndProject
Project("{8BC9CEB8-8B4A-11D0-8D11-00A0C91BC942}") = "07 - Staircase", "07 - Staircase\07 - Staircase.vcxproj", "{1884E5F3-29D1-4ABA-9F3D-353F87A6B314}"
EndProject
Project("{8BC9CEB8-8B4A-11D0-8D11-00A0C91BC942}") = "06-Plus Minus", "06-Plus Minus\06-Plus Minus.vcxproj", "{3215A2FE-105D-406B-98AE-728A6DE297DC}"
EndProject
Global
	GlobalSection(SolutionConfigurationPlatforms) = preSolution
		Debug|x64 = Debug|x64
		Debug|x86 = Debug|x86
		Release|x64 = Release|x64
		Release|x86 = Release|x86
	EndGlobalSection
	GlobalSection(ProjectConfigurationPlatforms) = postSolution
		{34B4DB25-FF5D-41D9-852C-9ADA16259B10}.Debug|x64.ActiveCfg = Debug|x64
		{34B4DB25-FF5D-41D9-852C-9ADA16259B10}.Debug|x64.Build.0 = Debug|x64
		{34B4DB25-FF5D-41D9-852C-9ADA16259B10}.Debug|x86.ActiveCfg = Debug|Win32
		{34B4DB25-FF5D-41D9-852C-9ADA16259B10}.Debug|x86.Build.0 = Debug|Win32
		{34B4DB25-FF5D-41D9-852C-9ADA16259B10}.Release|x64.ActiveCfg = Release|x64
		{34B4DB25-FF5D-41D9-852C-9ADA16259B10}.Release|x64.Build.0 = Release|x64
		{34B4DB25-FF5D-41D9-852C-9ADA16259B10}.Release|x86.ActiveCfg = Release|Win32
		{34B4DB25-FF5D-41D9-852C-9ADA16259B10}.Release|x86.Build.0 = Release|Win32
		{E7BDBDF4-A2D3-4084-8EA1-F27F3FBD6032}.Debug|x64.ActiveCfg = Debug|x64
		{E7BDBDF4-A2D3-4084-8EA1-F27F3FBD6032}.Debug|x64.Build.0 = Debug|x64
		{E7BDBDF4-A2D3-4084-8EA1-F27F3FBD6032}.Debug|x86.ActiveCfg = Debug|Win32
		{E7BDBDF4-A2D3-4084-8EA1-F27F3FBD6032}.Debug|x86.Build.0 = Debug|Win32
		{E7BDBDF4-A2D3-4084-8EA1-F27F3FBD6032}.Release|x64.ActiveCfg = Release|x64
		{E7BDBDF4-A2D3-4084-8EA1-F27F3FBD6032}.Release|x64.Build.0 = Release|x64
		{E7BDBDF4-A2D3-4084-8EA1-F27F3FBD6032}.Release|x86.ActiveCfg = Release|Win32
		{E7BDBDF4-A2D3-4084-8EA1-F27F3FBD6032}.Release|x86.Build.0 = Release|Win32
		{07B96E9D-B3F5-4B2B-B0FF-390ABD6BB8AA}.Debug|x64.ActiveCfg = Debug|x64
		{07B96E9D-B3F5-4B2B-B0FF-390ABD6BB8AA}.Debug|x64.Build.0 = Debug|x64
		{07B96E9D-B3F5-4B2B-B0FF-390ABD6BB8AA}.Debug|x86.ActiveCfg = Debug|Win32
		{07B96E9D-B3F5-4B2B-B0FF-390ABD6BB8AA}.Debug|x86.Build.0 = Debug|Win32
		{07B96E9D-B3F5-4B2B-B0FF-390ABD6BB8AA}.Release|x64.ActiveCfg = Release|x64
		{07B96E9D-B3F5-4B2B-B0FF-390ABD6BB8AA}.Release|x64.Build.0 = Release|x64
		{07B96E9D-B3F5-4B2B-B0FF-390ABD6BB8AA}.Release|x86.ActiveCfg = Release|Win32
		{07B96E9D-B3F5-4B2B-B0FF-390ABD6BB8AA}.Release|x86.Build.0 = Release|Win32
		{1884E5F3-29D1-4ABA-9F3D-353F87A6B314}.Debug|x64.ActiveCfg = Debug|x64
		{1884E5F3-29D1-4ABA-9F3D-353F87A6B314}.Debug|x64.Build.0 = Debug|x64
		{1884E5F3-29D1-4ABA-9F3D-353F87A6B314}.Debug|x86.ActiveCfg = Debug|Win32
		{1884E5F3-29D1-4ABA-9F3D-353F87A6B314}.Debug|x86.Build.0 = Debug|Win32
		{1884E5F3-29D1-4ABA-9F3D-353F87A6B314}.Release|x64.ActiveCfg = Release|x64
		{1884E5F3-29D1-4ABA-9F3D-353F87A6B314}.Release|x64.Build.0 = Release|x64
		{1884E5F3-29D1-4ABA-9F3D-353F87A6B314}.Release|x86.ActiveCfg = Release|Win32
		{1884E5F3-29D1-4ABA-9F3D-353F87A6B314}.Release|x86.Build.0 = Release|Win32
		{3215A2FE-105D-406B-98AE-728A6DE297DC}.Debug|x64.ActiveCfg = Debug|x64
		{3215A2FE-105D-406B-98AE-728A6DE297DC}.Debug|x64.Build.0 = Debug|x64
		{3215A2FE-105D-406B-98AE-728A6DE297DC}.Debug|x86.ActiveCfg = Debug|Win32
		{3215A2FE-105D-406B-98AE-728A6DE297DC}.Debug|x86.Build.0 = Debug|Win32
		{3215A2FE-105D-406B-98AE-728A6DE297DC}.Release|x64.ActiveCfg = Release|x64
		{3215A2FE-105D-406B-98AE-728A6DE297DC}.Release|x64.Build.0 = Release|x64
		{3215A2FE-105D-406B-98AE-728A6DE297DC}.Release|x86.ActiveCfg = Release|Win32
		{3215A2FE-105D-406B-98AE-728A6DE297DC}.Release|x86.Build.0 = Release|Win32
	EndGlobalSection
	GlobalSection(SolutionProperties) = preSolution
		HideSolutionNode = FALSE
	EndGlobalSection
	GlobalSection(ExtensibilityGlobals) = postSolution
		SolutionGuid = {873A40AB-49CA-41DD-9544-8E5CE5AA6825}
	EndGlobalSection
EndGlobal
